// !$*UTF8*$!
{
	archiveVersion = 1;
	classes = {
	};
	objectVersion = 70;
	objects = {

/* Begin PBXBuildFile section */
		14196C392DB86E49005BFBF9 /* MakeEqualSumTwoQueue.swift in Sources */ = {isa = PBXBuildFile; fileRef = 14196C382DB86E49005BFBF9 /* MakeEqualSumTwoQueue.swift */; };
		143579E72DA5F511003475C7 /* ConnectingAnIsland.swift in Sources */ = {isa = PBXBuildFile; fileRef = 143579E62DA5F511003475C7 /* ConnectingAnIsland.swift */; };
		1469B0E62DBEFD330081F9B4 /* ReportResults.swift in Sources */ = {isa = PBXBuildFile; fileRef = 1469B0E52DBEFD330081F9B4 /* ReportResults.swift */; };
		14AB45A12D912FBF00AEF07C /* DoublePriorityQueue.swift in Sources */ = {isa = PBXBuildFile; fileRef = 14AB45982D912FBF00AEF07C /* DoublePriorityQueue.swift */; };
		14AB45A22D912FBF00AEF07C /* JumpAndTeleport.swift in Sources */ = {isa = PBXBuildFile; fileRef = 14AB45992D912FBF00AEF07C /* JumpAndTeleport.swift */; };
		14AB45A32D912FBF00AEF07C /* main.swift in Sources */ = {isa = PBXBuildFile; fileRef = 14AB459A2D912FBF00AEF07C /* main.swift */; };
		14AB45A42D912FBF00AEF07C /* multipleOfN.swift in Sources */ = {isa = PBXBuildFile; fileRef = 14AB459B2D912FBF00AEF07C /* multipleOfN.swift */; };
		14AB45A52D912FBF00AEF07C /* MutipleStrings.swift in Sources */ = {isa = PBXBuildFile; fileRef = 14AB459C2D912FBF00AEF07C /* MutipleStrings.swift */; };
		14AB45A62D912FBF00AEF07C /* TargetNumber.swift in Sources */ = {isa = PBXBuildFile; fileRef = 14AB459D2D912FBF00AEF07C /* TargetNumber.swift */; };
		14AB45A72D912FBF00AEF07C /* TravelRoute.swift in Sources */ = {isa = PBXBuildFile; fileRef = 14AB459E2D912FBF00AEF07C /* TravelRoute.swift */; };
		14AB45A82D912FBF00AEF07C /* WordConversion.swift in Sources */ = {isa = PBXBuildFile; fileRef = 14AB459F2D912FBF00AEF07C /* WordConversion.swift */; };
		14AB45CA2D937C6400AEF07C /* FarthestNode.swift in Sources */ = {isa = PBXBuildFile; fileRef = 14AB45C92D937C6400AEF07C /* FarthestNode.swift */; };
		14AB45DD2D9A140200AEF07C /* Carpet.swift in Sources */ = {isa = PBXBuildFile; fileRef = 14AB45DC2D9A140200AEF07C /* Carpet.swift */; };
		14CAE1E02DA34E0C00A199A0 /* BestAlbum.swift in Sources */ = {isa = PBXBuildFile; fileRef = 14CAE1DF2DA34E0C00A199A0 /* BestAlbum.swift */; };
		14CEF80D2DAC887B00B272F9 /* MakingABigNumber.swift in Sources */ = {isa = PBXBuildFile; fileRef = 14CEF80C2DAC887B00B272F9 /* MakingABigNumber.swift */; };
		14D411DF2DAF2CAE00792F23 /* JoyStick.swift in Sources */ = {isa = PBXBuildFile; fileRef = 14D411DE2DAF2CAE00792F23 /* JoyStick.swift */; };
		14E50CC12DB5C60F004D3B5A /* EmojiDiscountEvent.swift in Sources */ = {isa = PBXBuildFile; fileRef = 14E50CC02DB5C60F004D3B5A /* EmojiDiscountEvent.swift */; };
		14ECE74E2D9CB782003F701D /* FatigueLevel.swift in Sources */ = {isa = PBXBuildFile; fileRef = 14ECE74D2D9CB782003F701D /* FatigueLevel.swift */; };
/* End PBXBuildFile section */

/* Begin PBXCopyFilesBuildPhase section */
		14543A3A2C9EA0A4000EF5A1 /* CopyFiles */ = {
			isa = PBXCopyFilesBuildPhase;
			buildActionMask = 2147483647;
			dstPath = /usr/share/man/man1/;
			dstSubfolderSpec = 0;
			files = (
			);
			runOnlyForDeploymentPostprocessing = 1;
		};
/* End PBXCopyFilesBuildPhase section */

/* Begin PBXFileReference section */
		14196C382DB86E49005BFBF9 /* MakeEqualSumTwoQueue.swift */ = {isa = PBXFileReference; lastKnownFileType = sourcecode.swift; path = MakeEqualSumTwoQueue.swift; sourceTree = "<group>"; };
		143579E62DA5F511003475C7 /* ConnectingAnIsland.swift */ = {isa = PBXFileReference; lastKnownFileType = sourcecode.swift; path = ConnectingAnIsland.swift; sourceTree = "<group>"; };
		14543A3C2C9EA0A4000EF5A1 /* CodingTest */ = {isa = PBXFileReference; explicitFileType = "compiled.mach-o.executable"; includeInIndex = 0; path = CodingTest; sourceTree = BUILT_PRODUCTS_DIR; };
		1469B0E52DBEFD330081F9B4 /* ReportResults.swift */ = {isa = PBXFileReference; lastKnownFileType = sourcecode.swift; path = ReportResults.swift; sourceTree = "<group>"; };
		14AB45982D912FBF00AEF07C /* DoublePriorityQueue.swift */ = {isa = PBXFileReference; lastKnownFileType = sourcecode.swift; path = DoublePriorityQueue.swift; sourceTree = "<group>"; };
		14AB45992D912FBF00AEF07C /* JumpAndTeleport.swift */ = {isa = PBXFileReference; lastKnownFileType = sourcecode.swift; path = JumpAndTeleport.swift; sourceTree = "<group>"; };
		14AB459A2D912FBF00AEF07C /* main.swift */ = {isa = PBXFileReference; lastKnownFileType = sourcecode.swift; path = main.swift; sourceTree = "<group>"; };
		14AB459B2D912FBF00AEF07C /* multipleOfN.swift */ = {isa = PBXFileReference; lastKnownFileType = sourcecode.swift; path = multipleOfN.swift; sourceTree = "<group>"; };
		14AB459C2D912FBF00AEF07C /* MutipleStrings.swift */ = {isa = PBXFileReference; lastKnownFileType = sourcecode.swift; path = MutipleStrings.swift; sourceTree = "<group>"; };
		14AB459D2D912FBF00AEF07C /* TargetNumber.swift */ = {isa = PBXFileReference; lastKnownFileType = sourcecode.swift; path = TargetNumber.swift; sourceTree = "<group>"; };
		14AB459E2D912FBF00AEF07C /* TravelRoute.swift */ = {isa = PBXFileReference; lastKnownFileType = sourcecode.swift; path = TravelRoute.swift; sourceTree = "<group>"; };
		14AB459F2D912FBF00AEF07C /* WordConversion.swift */ = {isa = PBXFileReference; lastKnownFileType = sourcecode.swift; path = WordConversion.swift; sourceTree = "<group>"; };
		14AB45C92D937C6400AEF07C /* FarthestNode.swift */ = {isa = PBXFileReference; lastKnownFileType = sourcecode.swift; path = FarthestNode.swift; sourceTree = "<group>"; };
		14AB45DC2D9A140200AEF07C /* Carpet.swift */ = {isa = PBXFileReference; lastKnownFileType = sourcecode.swift; path = Carpet.swift; sourceTree = "<group>"; };
		14CAE1DF2DA34E0C00A199A0 /* BestAlbum.swift */ = {isa = PBXFileReference; lastKnownFileType = sourcecode.swift; path = BestAlbum.swift; sourceTree = "<group>"; };
		14CEF80C2DAC887B00B272F9 /* MakingABigNumber.swift */ = {isa = PBXFileReference; lastKnownFileType = sourcecode.swift; path = MakingABigNumber.swift; sourceTree = "<group>"; };
		14D411DE2DAF2CAE00792F23 /* JoyStick.swift */ = {isa = PBXFileReference; lastKnownFileType = sourcecode.swift; path = JoyStick.swift; sourceTree = "<group>"; };
		14E50CC02DB5C60F004D3B5A /* EmojiDiscountEvent.swift */ = {isa = PBXFileReference; lastKnownFileType = sourcecode.swift; path = EmojiDiscountEvent.swift; sourceTree = "<group>"; };
		14ECE74D2D9CB782003F701D /* FatigueLevel.swift */ = {isa = PBXFileReference; lastKnownFileType = sourcecode.swift; path = FatigueLevel.swift; sourceTree = "<group>"; };
/* End PBXFileReference section */

/* Begin PBXFileSystemSynchronizedRootGroup section */
		143BA4122EF4F01300B9B464 /* Care */ = {isa = PBXFileSystemSynchronizedRootGroup; explicitFileTypes = {}; explicitFolders = (); path = Care; sourceTree = "<group>"; };
		1446F0542EFA481D007E075C /* MockTest1 */ = {isa = PBXFileSystemSynchronizedRootGroup; explicitFileTypes = {}; explicitFolders = (); path = MockTest1; sourceTree = "<group>"; };
		1446F0592EFAC6BB007E075C /* MockTest2 */ = {isa = PBXFileSystemSynchronizedRootGroup; explicitFileTypes = {}; explicitFolders = (); path = MockTest2; sourceTree = "<group>"; };
/* End PBXFileSystemSynchronizedRootGroup section */

/* Begin PBXFrameworksBuildPhase section */
		14543A392C9EA0A4000EF5A1 /* Frameworks */ = {
			isa = PBXFrameworksBuildPhase;
			buildActionMask = 2147483647;
			files = (
			);
			runOnlyForDeploymentPostprocessing = 0;
		};
/* End PBXFrameworksBuildPhase section */

/* Begin PBXGroup section */
		14543A332C9EA0A4000EF5A1 = {
			isa = PBXGroup;
			children = (
				14AB45A02D912FBF00AEF07C /* CodingTest */,
				14543A3D2C9EA0A4000EF5A1 /* Products */,
			);
			sourceTree = "<group>";
		};
		14543A3D2C9EA0A4000EF5A1 /* Products */ = {
			isa = PBXGroup;
			children = (
				14543A3C2C9EA0A4000EF5A1 /* CodingTest */,
			);
			name = Products;
			sourceTree = "<group>";
		};
		14AB45A02D912FBF00AEF07C /* CodingTest */ = {
			isa = PBXGroup;
			children = (
				1446F0592EFAC6BB007E075C /* MockTest2 */,
				1446F0542EFA481D007E075C /* MockTest1 */,
				143BA4122EF4F01300B9B464 /* Care */,
				14AB45982D912FBF00AEF07C /* DoublePriorityQueue.swift */,
				14AB45DC2D9A140200AEF07C /* Carpet.swift */,
				14ECE74D2D9CB782003F701D /* FatigueLevel.swift */,
				14CAE1DF2DA34E0C00A199A0 /* BestAlbum.swift */,
				143579E62DA5F511003475C7 /* ConnectingAnIsland.swift */,
				14CEF80C2DAC887B00B272F9 /* MakingABigNumber.swift */,
				14D411DE2DAF2CAE00792F23 /* JoyStick.swift */,
				14AB45992D912FBF00AEF07C /* JumpAndTeleport.swift */,
				14AB459A2D912FBF00AEF07C /* main.swift */,
				14E50CC02DB5C60F004D3B5A /* EmojiDiscountEvent.swift */,
				14196C382DB86E49005BFBF9 /* MakeEqualSumTwoQueue.swift */,
				1469B0E52DBEFD330081F9B4 /* ReportResults.swift */,
				14AB459B2D912FBF00AEF07C /* multipleOfN.swift */,
				14AB459C2D912FBF00AEF07C /* MutipleStrings.swift */,
				14AB459D2D912FBF00AEF07C /* TargetNumber.swift */,
				14AB459E2D912FBF00AEF07C /* TravelRoute.swift */,
				14AB459F2D912FBF00AEF07C /* WordConversion.swift */,
				14AB45C92D937C6400AEF07C /* FarthestNode.swift */,
			);
			path = CodingTest;
			sourceTree = "<group>";
		};
/* End PBXGroup section */

/* Begin PBXNativeTarget section */
		14543A3B2C9EA0A4000EF5A1 /* CodingTest */ = {
			isa = PBXNativeTarget;
			buildConfigurationList = 14543A432C9EA0A4000EF5A1 /* Build configuration list for PBXNativeTarget "CodingTest" */;
			buildPhases = (
				14543A382C9EA0A4000EF5A1 /* Sources */,
				14543A392C9EA0A4000EF5A1 /* Frameworks */,
				14543A3A2C9EA0A4000EF5A1 /* CopyFiles */,
			);
			buildRules = (
			);
			dependencies = (
			);
			fileSystemSynchronizedGroups = (
				143BA4122EF4F01300B9B464 /* Care */,
				1446F0542EFA481D007E075C /* MockTest1 */,
				1446F0592EFAC6BB007E075C /* MockTest2 */,
			);
			name = CodingTest;
			productName = CodingTest;
			productReference = 14543A3C2C9EA0A4000EF5A1 /* CodingTest */;
			productType = "com.apple.product-type.tool";
		};
/* End PBXNativeTarget section */

/* Begin PBXProject section */
		14543A342C9EA0A4000EF5A1 /* Project object */ = {
			isa = PBXProject;
			attributes = {
				BuildIndependentTargetsInParallel = 1;
				LastSwiftUpdateCheck = 1530;
				LastUpgradeCheck = 1530;
				TargetAttributes = {
					14543A3B2C9EA0A4000EF5A1 = {
						CreatedOnToolsVersion = 15.3;
					};
				};
			};
			buildConfigurationList = 14543A372C9EA0A4000EF5A1 /* Build configuration list for PBXProject "CodingTest" */;
			compatibilityVersion = "Xcode 14.0";
			developmentRegion = en;
			hasScannedForEncodings = 0;
			knownRegions = (
				en,
				Base,
			);
			mainGroup = 14543A332C9EA0A4000EF5A1;
			productRefGroup = 14543A3D2C9EA0A4000EF5A1 /* Products */;
			projectDirPath = "";
			projectRoot = "";
			targets = (
				14543A3B2C9EA0A4000EF5A1 /* CodingTest */,
			);
		};
/* End PBXProject section */

/* Begin PBXSourcesBuildPhase section */
		14543A382C9EA0A4000EF5A1 /* Sources */ = {
			isa = PBXSourcesBuildPhase;
			buildActionMask = 2147483647;
			files = (
				14AB45A12D912FBF00AEF07C /* DoublePriorityQueue.swift in Sources */,
				14AB45A22D912FBF00AEF07C /* JumpAndTeleport.swift in Sources */,
				14E50CC12DB5C60F004D3B5A /* EmojiDiscountEvent.swift in Sources */,
				14AB45A32D912FBF00AEF07C /* main.swift in Sources */,
				1469B0E62DBEFD330081F9B4 /* ReportResults.swift in Sources */,
				14AB45A42D912FBF00AEF07C /* multipleOfN.swift in Sources */,
				14196C392DB86E49005BFBF9 /* MakeEqualSumTwoQueue.swift in Sources */,
				143579E72DA5F511003475C7 /* ConnectingAnIsland.swift in Sources */,
				14D411DF2DAF2CAE00792F23 /* JoyStick.swift in Sources */,
				14AB45A52D912FBF00AEF07C /* MutipleStrings.swift in Sources */,
				14CEF80D2DAC887B00B272F9 /* MakingABigNumber.swift in Sources */,
				14CAE1E02DA34E0C00A199A0 /* BestAlbum.swift in Sources */,
				14AB45CA2D937C6400AEF07C /* FarthestNode.swift in Sources */,
				14AB45A62D912FBF00AEF07C /* TargetNumber.swift in Sources */,
				14ECE74E2D9CB782003F701D /* FatigueLevel.swift in Sources */,
				14AB45A72D912FBF00AEF07C /* TravelRoute.swift in Sources */,
				14AB45DD2D9A140200AEF07C /* Carpet.swift in Sources */,
				14AB45A82D912FBF00AEF07C /* WordConversion.swift in Sources */,
			);
			runOnlyForDeploymentPostprocessing = 0;
		};
/* End PBXSourcesBuildPhase section */

/* Begin XCBuildConfiguration section */
		14543A412C9EA0A4000EF5A1 /* Debug */ = {
			isa = XCBuildConfiguration;
			buildSettings = {
				ALWAYS_SEARCH_USER_PATHS = NO;
				ASSETCATALOG_COMPILER_GENERATE_SWIFT_ASSET_SYMBOL_EXTENSIONS = YES;
				CLANG_ANALYZER_NONNULL = YES;
				CLANG_ANALYZER_NUMBER_OBJECT_CONVERSION = YES_AGGRESSIVE;
				CLANG_CXX_LANGUAGE_STANDARD = "gnu++20";
				CLANG_ENABLE_MODULES = YES;
				CLANG_ENABLE_OBJC_ARC = YES;
				CLANG_ENABLE_OBJC_WEAK = YES;
				CLANG_WARN_BLOCK_CAPTURE_AUTORELEASING = YES;
				CLANG_WARN_BOOL_CONVERSION = YES;
				CLANG_WARN_COMMA = YES;
				CLANG_WARN_CONSTANT_CONVERSION = YES;
				CLANG_WARN_DEPRECATED_OBJC_IMPLEMENTATIONS = YES;
				CLANG_WARN_DIRECT_OBJC_ISA_USAGE = YES_ERROR;
				CLANG_WARN_DOCUMENTATION_COMMENTS = YES;
				CLANG_WARN_EMPTY_BODY = YES;
				CLANG_WARN_ENUM_CONVERSION = YES;
				CLANG_WARN_INFINITE_RECURSION = YES;
				CLANG_WARN_INT_CONVERSION = YES;
				CLANG_WARN_NON_LITERAL_NULL_CONVERSION = YES;
				CLANG_WARN_OBJC_IMPLICIT_RETAIN_SELF = YES;
				CLANG_WARN_OBJC_LITERAL_CONVERSION = YES;
				CLANG_WARN_OBJC_ROOT_CLASS = YES_ERROR;
				CLANG_WARN_QUOTED_INCLUDE_IN_FRAMEWORK_HEADER = YES;
				CLANG_WARN_RANGE_LOOP_ANALYSIS = YES;
				CLANG_WARN_STRICT_PROTOTYPES = YES;
				CLANG_WARN_SUSPICIOUS_MOVE = YES;
				CLANG_WARN_UNGUARDED_AVAILABILITY = YES_AGGRESSIVE;
				CLANG_WARN_UNREACHABLE_CODE = YES;
				CLANG_WARN__DUPLICATE_METHOD_MATCH = YES;
				COPY_PHASE_STRIP = NO;
				DEBUG_INFORMATION_FORMAT = dwarf;
				ENABLE_STRICT_OBJC_MSGSEND = YES;
				ENABLE_TESTABILITY = YES;
				ENABLE_USER_SCRIPT_SANDBOXING = YES;
				GCC_C_LANGUAGE_STANDARD = gnu17;
				GCC_DYNAMIC_NO_PIC = NO;
				GCC_NO_COMMON_BLOCKS = YES;
				GCC_OPTIMIZATION_LEVEL = 0;
				GCC_PREPROCESSOR_DEFINITIONS = (
					"DEBUG=1",
					"$(inherited)",
				);
				GCC_WARN_64_TO_32_BIT_CONVERSION = YES;
				GCC_WARN_ABOUT_RETURN_TYPE = YES_ERROR;
				GCC_WARN_UNDECLARED_SELECTOR = YES;
				GCC_WARN_UNINITIALIZED_AUTOS = YES_AGGRESSIVE;
				GCC_WARN_UNUSED_FUNCTION = YES;
				GCC_WARN_UNUSED_VARIABLE = YES;
				LOCALIZATION_PREFERS_STRING_CATALOGS = YES;
				MACOSX_DEPLOYMENT_TARGET = 14.4;
				MTL_ENABLE_DEBUG_INFO = INCLUDE_SOURCE;
				MTL_FAST_MATH = YES;
				ONLY_ACTIVE_ARCH = YES;
				SDKROOT = macosx;
				SWIFT_ACTIVE_COMPILATION_CONDITIONS = "DEBUG $(inherited)";
				SWIFT_OPTIMIZATION_LEVEL = "-Onone";
			};
			name = Debug;
		};
		14543A422C9EA0A4000EF5A1 /* Release */ = {
			isa = XCBuildConfiguration;
			buildSettings = {
				ALWAYS_SEARCH_USER_PATHS = NO;
				ASSETCATALOG_COMPILER_GENERATE_SWIFT_ASSET_SYMBOL_EXTENSIONS = YES;
				CLANG_ANALYZER_NONNULL = YES;
				CLANG_ANALYZER_NUMBER_OBJECT_CONVERSION = YES_AGGRESSIVE;
				CLANG_CXX_LANGUAGE_STANDARD = "gnu++20";
				CLANG_ENABLE_MODULES = YES;
				CLANG_ENABLE_OBJC_ARC = YES;
				CLANG_ENABLE_OBJC_WEAK = YES;
				CLANG_WARN_BLOCK_CAPTURE_AUTORELEASING = YES;
				CLANG_WARN_BOOL_CONVERSION = YES;
				CLANG_WARN_COMMA = YES;
				CLANG_WARN_CONSTANT_CONVERSION = YES;
				CLANG_WARN_DEPRECATED_OBJC_IMPLEMENTATIONS = YES;
				CLANG_WARN_DIRECT_OBJC_ISA_USAGE = YES_ERROR;
				CLANG_WARN_DOCUMENTATION_COMMENTS = YES;
				CLANG_WARN_EMPTY_BODY = YES;
				CLANG_WARN_ENUM_CONVERSION = YES;
				CLANG_WARN_INFINITE_RECURSION = YES;
				CLANG_WARN_INT_CONVERSION = YES;
				CLANG_WARN_NON_LITERAL_NULL_CONVERSION = YES;
				CLANG_WARN_OBJC_IMPLICIT_RETAIN_SELF = YES;
				CLANG_WARN_OBJC_LITERAL_CONVERSION = YES;
				CLANG_WARN_OBJC_ROOT_CLASS = YES_ERROR;
				CLANG_WARN_QUOTED_INCLUDE_IN_FRAMEWORK_HEADER = YES;
				CLANG_WARN_RANGE_LOOP_ANALYSIS = YES;
				CLANG_WARN_STRICT_PROTOTYPES = YES;
				CLANG_WARN_SUSPICIOUS_MOVE = YES;
				CLANG_WARN_UNGUARDED_AVAILABILITY = YES_AGGRESSIVE;
				CLANG_WARN_UNREACHABLE_CODE = YES;
				CLANG_WARN__DUPLICATE_METHOD_MATCH = YES;
				COPY_PHASE_STRIP = NO;
				DEBUG_INFORMATION_FORMAT = "dwarf-with-dsym";
				ENABLE_NS_ASSERTIONS = NO;
				ENABLE_STRICT_OBJC_MSGSEND = YES;
				ENABLE_USER_SCRIPT_SANDBOXING = YES;
				GCC_C_LANGUAGE_STANDARD = gnu17;
				GCC_NO_COMMON_BLOCKS = YES;
				GCC_WARN_64_TO_32_BIT_CONVERSION = YES;
				GCC_WARN_ABOUT_RETURN_TYPE = YES_ERROR;
				GCC_WARN_UNDECLARED_SELECTOR = YES;
				GCC_WARN_UNINITIALIZED_AUTOS = YES_AGGRESSIVE;
				GCC_WARN_UNUSED_FUNCTION = YES;
				GCC_WARN_UNUSED_VARIABLE = YES;
				LOCALIZATION_PREFERS_STRING_CATALOGS = YES;
				MACOSX_DEPLOYMENT_TARGET = 14.4;
				MTL_ENABLE_DEBUG_INFO = NO;
				MTL_FAST_MATH = YES;
				SDKROOT = macosx;
				SWIFT_COMPILATION_MODE = wholemodule;
			};
			name = Release;
		};
		14543A442C9EA0A4000EF5A1 /* Debug */ = {
			isa = XCBuildConfiguration;
			buildSettings = {
				CODE_SIGN_STYLE = Automatic;
				DEVELOPMENT_TEAM = DD66GTY4AT;
				ENABLE_HARDENED_RUNTIME = YES;
				PRODUCT_NAME = "$(TARGET_NAME)";
				SWIFT_VERSION = 5.0;
			};
			name = Debug;
		};
		14543A452C9EA0A4000EF5A1 /* Release */ = {
			isa = XCBuildConfiguration;
			buildSettings = {
				CODE_SIGN_STYLE = Automatic;
				DEVELOPMENT_TEAM = DD66GTY4AT;
				ENABLE_HARDENED_RUNTIME = YES;
				PRODUCT_NAME = "$(TARGET_NAME)";
				SWIFT_VERSION = 5.0;
			};
			name = Release;
		};
/* End XCBuildConfiguration section */

/* Begin XCConfigurationList section */
		14543A372C9EA0A4000EF5A1 /* Build configuration list for PBXProject "CodingTest" */ = {
			isa = XCConfigurationList;
			buildConfigurations = (
				14543A412C9EA0A4000EF5A1 /* Debug */,
				14543A422C9EA0A4000EF5A1 /* Release */,
			);
			defaultConfigurationIsVisible = 0;
			defaultConfigurationName = Release;
		};
		14543A432C9EA0A4000EF5A1 /* Build configuration list for PBXNativeTarget "CodingTest" */ = {
			isa = XCConfigurationList;
			buildConfigurations = (
				14543A442C9EA0A4000EF5A1 /* Debug */,
				14543A452C9EA0A4000EF5A1 /* Release */,
			);
			defaultConfigurationIsVisible = 0;
			defaultConfigurationName = Release;
		};
/* End XCConfigurationList section */
	};
	rootObject = 14543A342C9EA0A4000EF5A1 /* Project object */;
}
